
Microsoft Visual Studio Solution File, Format Version 12.00
# Visual Studio Version 17
VisualStudioVersion = 17.2.32516.85
MinimumVisualStudioVersion = 10.0.40219.1
Project("{9A19103F-16F7-4668-BE54-9A1E7A4F7556}") = "Freelance.WebApi", "Freelance.WebApi\Freelance.WebApi.csproj", "{C927F67F-3F9A-4102-8FF9-97FF87C1EED2}"
EndProject
Project("{9A19103F-16F7-4668-BE54-9A1E7A4F7556}") = "Freelance.WebApi.Common", "Freelance.WebApi.Common\Freelance.WebApi.Common.csproj", "{8CB365C4-B9FF-4F80-81A2-66924961D8B1}"
EndProject
Project("{9A19103F-16F7-4668-BE54-9A1E7A4F7556}") = "Freelance.WebApi.Contracts", "Freelance.WebApi.Contracts\Freelance.WebApi.Contracts.csproj", "{0F9017D7-2377-476E-988B-FA71DBB37024}"
EndProject
Global
	GlobalSection(SolutionConfigurationPlatforms) = preSolution
		Debug|Any CPU = Debug|Any CPU
		Release|Any CPU = Release|Any CPU
	EndGlobalSection
	GlobalSection(ProjectConfigurationPlatforms) = postSolution
		{C927F67F-3F9A-4102-8FF9-97FF87C1EED2}.Debug|Any CPU.ActiveCfg = Debug|Any CPU
		{C927F67F-3F9A-4102-8FF9-97FF87C1EED2}.Debug|Any CPU.Build.0 = Debug|Any CPU
		{C927F67F-3F9A-4102-8FF9-97FF87C1EED2}.Release|Any CPU.ActiveCfg = Release|Any CPU
		{C927F67F-3F9A-4102-8FF9-97FF87C1EED2}.Release|Any CPU.Build.0 = Release|Any CPU
		{8CB365C4-B9FF-4F80-81A2-66924961D8B1}.Debug|Any CPU.ActiveCfg = Debug|Any CPU
		{8CB365C4-B9FF-4F80-81A2-66924961D8B1}.Debug|Any CPU.Build.0 = Debug|Any CPU
		{8CB365C4-B9FF-4F80-81A2-66924961D8B1}.Release|Any CPU.ActiveCfg = Release|Any CPU
		{8CB365C4-B9FF-4F80-81A2-66924961D8B1}.Release|Any CPU.Build.0 = Release|Any CPU
		{0F9017D7-2377-476E-988B-FA71DBB37024}.Debug|Any CPU.ActiveCfg = Debug|Any CPU
		{0F9017D7-2377-476E-988B-FA71DBB37024}.Debug|Any CPU.Build.0 = Debug|Any CPU
		{0F9017D7-2377-476E-988B-FA71DBB37024}.Release|Any CPU.ActiveCfg = Release|Any CPU
		{0F9017D7-2377-476E-988B-FA71DBB37024}.Release|Any CPU.Build.0 = Release|Any CPU
	EndGlobalSection
	GlobalSection(SolutionProperties) = preSolution
		HideSolutionNode = FALSE
	EndGlobalSection
	GlobalSection(ExtensibilityGlobals) = postSolution
		SolutionGuid = {F702C854-4D85-4A1E-85CA-C9B439B7B454}
	EndGlobalSection
EndGlobal
